{
  "version": 4,
  "terraform_version": "1.6.5",
  "serial": 4,
  "lineage": "ea637323-a538-3438-489f-97469630fd58",
  "outputs": {
    "total_user": {
      "value": 3,
      "type": "number"
    },
    "user_names": {
      "value": [
        "dharma",
        "sathya",
        "terraform"
      ],
      "type": [
        "set",
        "string"
      ]
    }
  },
  "resources": [
    {
      "mode": "data",
      "type": "aws_caller_identity",
      "name": "current",
      "provider": "provider[\"registry.terraform.io/hashicorp/aws\"]",
      "instances": [
        {
          "schema_version": 0,
          "attributes": {
            "account_id": "298132369629",
            "arn": "arn:aws:iam::298132369629:root",
            "id": "298132369629",
            "user_id": "298132369629"
          },
          "sensitive_attributes": []
        }
      ]
    },
    {
      "mode": "data",
      "type": "aws_iam_users",
      "name": "users",
      "provider": "provider[\"registry.terraform.io/hashicorp/aws\"]",
      "instances": [
        {
          "schema_version": 0,
          "attributes": {
            "arns": [
              "arn:aws:iam::298132369629:user/dharma",
              "arn:aws:iam::298132369629:user/sathya",
              "arn:aws:iam::298132369629:user/terraform"
            ],
            "id": "ap-south-1",
            "name_regex": null,
            "names": [
              "dharma",
              "sathya",
              "terraform"
            ],
            "path_prefix": null
          },
          "sensitive_attributes": []
        }
      ]
    },
    {
      "mode": "managed",
      "type": "aws_iam_user",
      "name": "lb",
      "provider": "provider[\"registry.terraform.io/hashicorp/aws\"]",
      "instances": [
        {
          "schema_version": 0,
          "attributes": {
            "arn": "arn:aws:iam::298132369629:user/system/admin-user-298132369629",
            "force_destroy": false,
            "id": "admin-user-298132369629",
            "name": "admin-user-298132369629",
            "path": "/system/",
            "permissions_boundary": "",
            "tags": null,
            "tags_all": {},
            "unique_id": "AIDAUK2QS6DOYU4KLBJFX"
          },
          "sensitive_attributes": [],
          "private": "bnVsbA==",
          "dependencies": [
            "data.aws_caller_identity.current"
          ]
        }
      ]
    }
  ],
  "check_results": null
}
